
Microsoft Visual Studio Solution File, Format Version 12.00
# Visual Studio 15
Project("{FAE04EC0-301F-11D3-BF4B-00C04F79EFBC}") = "Kaffee", "Kaffee.csproj", "{FF7994BA-95AD-47C8-A931-AF523A03BD10}"
EndProject
Global
	GlobalSection(SolutionConfigurationPlatforms) = preSolution
		Debug|Any CPU = Debug|Any CPU
		Release|Any CPU = Release|Any CPU
	EndGlobalSection
	GlobalSection(ProjectConfigurationPlatforms) = postSolution
		{FF7994BA-95AD-47C8-A931-AF523A03BD10}.Debug|Any CPU.ActiveCfg = Debug|Any CPU
		{FF7994BA-95AD-47C8-A931-AF523A03BD10}.Debug|Any CPU.Build.0 = Debug|Any CPU
		{FF7994BA-95AD-47C8-A931-AF523A03BD10}.Release|Any CPU.ActiveCfg = Release|Any CPU
		{FF7994BA-95AD-47C8-A931-AF523A03BD10}.Release|Any CPU.Build.0 = Release|Any CPU
	EndGlobalSection
EndGlobal
