
Microsoft Visual Studio Solution File, Format Version 12.00
# Visual Studio 15
Project("{FAE04EC0-301F-11D3-BF4B-00C04F79EFBC}") = "Kaffee.Tests", "Kaffee.Tests\Kaffee.Tests.csproj", "{0174B086-C107-414B-92D5-87075D7D0A89}"
EndProject
Project("{FAE04EC0-301F-11D3-BF4B-00C04F79EFBC}") = "Kaffee", "Kaffee\Kaffee.csproj", "{C8ADA2AE-3C79-407B-BF1A-D7568BCB5AAA}"
EndProject
Global
	GlobalSection(SolutionConfigurationPlatforms) = preSolution
		Debug|Any CPU = Debug|Any CPU
		Release|Any CPU = Release|Any CPU
	EndGlobalSection
	GlobalSection(ProjectConfigurationPlatforms) = postSolution
		{FF7994BA-95AD-47C8-A931-AF523A03BD10}.Debug|Any CPU.ActiveCfg = Debug|Any CPU
		{FF7994BA-95AD-47C8-A931-AF523A03BD10}.Debug|Any CPU.Build.0 = Debug|Any CPU
		{FF7994BA-95AD-47C8-A931-AF523A03BD10}.Release|Any CPU.ActiveCfg = Release|Any CPU
		{FF7994BA-95AD-47C8-A931-AF523A03BD10}.Release|Any CPU.Build.0 = Release|Any CPU
		{0174B086-C107-414B-92D5-87075D7D0A89}.Debug|Any CPU.ActiveCfg = Debug|Any CPU
		{0174B086-C107-414B-92D5-87075D7D0A89}.Debug|Any CPU.Build.0 = Debug|Any CPU
		{0174B086-C107-414B-92D5-87075D7D0A89}.Release|Any CPU.ActiveCfg = Release|Any CPU
		{0174B086-C107-414B-92D5-87075D7D0A89}.Release|Any CPU.Build.0 = Release|Any CPU
		{C8ADA2AE-3C79-407B-BF1A-D7568BCB5AAA}.Debug|Any CPU.ActiveCfg = Debug|Any CPU
		{C8ADA2AE-3C79-407B-BF1A-D7568BCB5AAA}.Debug|Any CPU.Build.0 = Debug|Any CPU
		{C8ADA2AE-3C79-407B-BF1A-D7568BCB5AAA}.Release|Any CPU.ActiveCfg = Release|Any CPU
		{C8ADA2AE-3C79-407B-BF1A-D7568BCB5AAA}.Release|Any CPU.Build.0 = Release|Any CPU
	EndGlobalSection
EndGlobal
